
Microsoft Visual Studio Solution File, Format Version 12.00
# Visual Studio 14
VisualStudioVersion = 14.0.21901.1
MinimumVisualStudioVersion = 10.0.40219.1
Project("{FAE04EC0-301F-11D3-BF4B-00C04F79EFBC}") = "MsmqReader", "MsmqReader\MsmqReader.csproj", "{08D74768-84B2-408E-9C7B-CBEC5C685E42}"
EndProject
Project("{2150E333-8FDC-42A3-9474-1A3956D46DE8}") = "Solution Items", "Solution Items", "{0657D8F3-3832-4DB2-8C4A-7D1FDA5F02E1}"
	ProjectSection(SolutionItems) = preProject
		ReadMe.md = ReadMe.md
	EndProjectSection
EndProject
Global
	GlobalSection(SolutionConfigurationPlatforms) = preSolution
		Debug|Any CPU = Debug|Any CPU
		Release|Any CPU = Release|Any CPU
	EndGlobalSection
	GlobalSection(ProjectConfigurationPlatforms) = postSolution
		{08D74768-84B2-408E-9C7B-CBEC5C685E42}.Debug|Any CPU.ActiveCfg = Debug|Any CPU
		{08D74768-84B2-408E-9C7B-CBEC5C685E42}.Debug|Any CPU.Build.0 = Debug|Any CPU
		{08D74768-84B2-408E-9C7B-CBEC5C685E42}.Release|Any CPU.ActiveCfg = Release|Any CPU
		{08D74768-84B2-408E-9C7B-CBEC5C685E42}.Release|Any CPU.Build.0 = Release|Any CPU
	EndGlobalSection
	GlobalSection(SolutionProperties) = preSolution
		HideSolutionNode = FALSE
	EndGlobalSection
EndGlobal
